<?xml version="1.0" encoding="utf-8"?>
<Project ToolsVersion="4.0" xmlns="http://schemas.microsoft.com/developer/msbuild/2003">
  <ItemGroup>
    <Filter Include="源文件">
      <UniqueIdentifier>{4FC737F1-C7A5-4376-A066-2A32D752A2FF}</UniqueIdentifier>
      <Extensions>cpp;c;cc;cxx;def;odl;idl;hpj;bat;asm;asmx</Extensions>
    </Filter>
    <Filter Include="头文件">
      <UniqueIdentifier>{93995380-89BD-4b04-88EB-625FBE52EBFB}</UniqueIdentifier>
      <Extensions>h;hh;hpp;hxx;hm;inl;inc;xsd</Extensions>
    </Filter>
    <Filter Include="资源文件">
      <UniqueIdentifier>{67DA6AB6-F800-4c08-8B7A-83BB121AAD01}</UniqueIdentifier>
      <Extensions>rc;ico;cur;bmp;dlg;rc2;rct;bin;rgs;gif;jpg;jpeg;jpe;resx;tiff;tif;png;wav;mfcribbon-ms</Extensions>
    </Filter>
    <Filter Include="net">
      <UniqueIdentifier>{9d1c2ad8-4beb-495d-b775-ef66cd4c2e4e}</UniqueIdentifier>
    </Filter>
    <Filter Include="base">
      <UniqueIdentifier>{1e6cdad5-96d6-496c-8586-6c163d05a989}</UniqueIdentifier>
    </Filter>
  </ItemGroup>
  <ItemGroup>
    <Text Include="ReadMe.txt" />
  </ItemGroup>
  <ItemGroup>
    <ClInclude Include="stdafx.h">
      <Filter>头文件</Filter>
    </ClInclude>
    <ClInclude Include="targetver.h">
      <Filter>头文件</Filter>
    </ClInclude>
    <ClInclude Include="knetclient.h">
      <Filter>net</Filter>
    </ClInclude>
    <ClInclude Include="knetserver.h">
      <Filter>net</Filter>
    </ClInclude>
    <ClInclude Include="ksocketmgr.h">
      <Filter>net</Filter>
    </ClInclude>
    <ClInclude Include="kuvsocket.h">
      <Filter>net</Filter>
    </ClInclude>
    <ClInclude Include="..\base\error.h">
      <Filter>base</Filter>
    </ClInclude>
    <ClInclude Include="..\base\kcircularbuffer.h">
      <Filter>base</Filter>
    </ClInclude>
  </ItemGroup>
  <ItemGroup>
    <ClCompile Include="stdafx.cpp">
      <Filter>源文件</Filter>
    </ClCompile>
    <ClCompile Include="knetclient.cpp">
      <Filter>net</Filter>
    </ClCompile>
    <ClCompile Include="knetserver.cpp">
      <Filter>net</Filter>
    </ClCompile>
    <ClCompile Include="ksocketmgr.cpp">
      <Filter>net</Filter>
    </ClCompile>
    <ClCompile Include="kuvsocket.cpp">
      <Filter>net</Filter>
    </ClCompile>
    <ClCompile Include="..\base\kcircularbuffer.cpp">
      <Filter>base</Filter>
    </ClCompile>
  </ItemGroup>
</Project>